// !$*UTF8*$!
{
	archiveVersion = 1;
	classes = {
	};
	objectVersion = 50;
	objects = {

/* Begin PBXBuildFile section */
		4740FC0721B1851F00CD1964 /* LeagueVC.swift in Sources */ = {isa = PBXBuildFile; fileRef = 4740FC0621B1851F00CD1964 /* LeagueVC.swift */; };
		4740FC0921B1853500CD1964 /* SkillVC.swift in Sources */ = {isa = PBXBuildFile; fileRef = 4740FC0821B1853500CD1964 /* SkillVC.swift */; };
		4740FC0B21B1A86C00CD1964 /* Player.swift in Sources */ = {isa = PBXBuildFile; fileRef = 4740FC0A21B1A86C00CD1964 /* Player.swift */; };
		479A052E21AF06DD0078EECE /* AppDelegate.swift in Sources */ = {isa = PBXBuildFile; fileRef = 479A052D21AF06DD0078EECE /* AppDelegate.swift */; };
		479A053021AF06DD0078EECE /* WelcomeVC.swift in Sources */ = {isa = PBXBuildFile; fileRef = 479A052F21AF06DD0078EECE /* WelcomeVC.swift */; };
		479A053321AF06DD0078EECE /* Main.storyboard in Resources */ = {isa = PBXBuildFile; fileRef = 479A053121AF06DD0078EECE /* Main.storyboard */; };
		479A053521AF06DE0078EECE /* Assets.xcassets in Resources */ = {isa = PBXBuildFile; fileRef = 479A053421AF06DE0078EECE /* Assets.xcassets */; };
		479A053821AF06DE0078EECE /* LaunchScreen.storyboard in Resources */ = {isa = PBXBuildFile; fileRef = 479A053621AF06DE0078EECE /* LaunchScreen.storyboard */; };
		479A055F21AF0E7C0078EECE /* BorderButton.swift in Sources */ = {isa = PBXBuildFile; fileRef = 479A055E21AF0E7C0078EECE /* BorderButton.swift */; };
/* End PBXBuildFile section */

/* Begin PBXFileReference section */
		4740FC0621B1851F00CD1964 /* LeagueVC.swift */ = {isa = PBXFileReference; lastKnownFileType = sourcecode.swift; path = LeagueVC.swift; sourceTree = "<group>"; };
		4740FC0821B1853500CD1964 /* SkillVC.swift */ = {isa = PBXFileReference; lastKnownFileType = sourcecode.swift; path = SkillVC.swift; sourceTree = "<group>"; };
		4740FC0A21B1A86C00CD1964 /* Player.swift */ = {isa = PBXFileReference; lastKnownFileType = sourcecode.swift; path = Player.swift; sourceTree = "<group>"; };
		479A052A21AF06DD0078EECE /* app-swoosh.app */ = {isa = PBXFileReference; explicitFileType = wrapper.application; includeInIndex = 0; path = "app-swoosh.app"; sourceTree = BUILT_PRODUCTS_DIR; };
		479A052D21AF06DD0078EECE /* AppDelegate.swift */ = {isa = PBXFileReference; lastKnownFileType = sourcecode.swift; path = AppDelegate.swift; sourceTree = "<group>"; };
		479A052F21AF06DD0078EECE /* WelcomeVC.swift */ = {isa = PBXFileReference; lastKnownFileType = sourcecode.swift; path = WelcomeVC.swift; sourceTree = "<group>"; };
		479A053221AF06DD0078EECE /* Base */ = {isa = PBXFileReference; lastKnownFileType = file.storyboard; name = Base; path = Base.lproj/Main.storyboard; sourceTree = "<group>"; };
		479A053421AF06DE0078EECE /* Assets.xcassets */ = {isa = PBXFileReference; lastKnownFileType = folder.assetcatalog; path = Assets.xcassets; sourceTree = "<group>"; };
		479A053721AF06DE0078EECE /* Base */ = {isa = PBXFileReference; lastKnownFileType = file.storyboard; name = Base; path = Base.lproj/LaunchScreen.storyboard; sourceTree = "<group>"; };
		479A053921AF06DE0078EECE /* Info.plist */ = {isa = PBXFileReference; lastKnownFileType = text.plist.xml; path = Info.plist; sourceTree = "<group>"; };
		479A055E21AF0E7C0078EECE /* BorderButton.swift */ = {isa = PBXFileReference; lastKnownFileType = sourcecode.swift; path = BorderButton.swift; sourceTree = "<group>"; };
/* End PBXFileReference section */

/* Begin PBXFrameworksBuildPhase section */
		479A052721AF06DD0078EECE /* Frameworks */ = {
			isa = PBXFrameworksBuildPhase;
			buildActionMask = 2147483647;
			files = (
			);
			runOnlyForDeploymentPostprocessing = 0;
		};
/* End PBXFrameworksBuildPhase section */

/* Begin PBXGroup section */
		4740FC0421B1836600CD1964 /* Controller */ = {
			isa = PBXGroup;
			children = (
				479A052F21AF06DD0078EECE /* WelcomeVC.swift */,
				4740FC0621B1851F00CD1964 /* LeagueVC.swift */,
				4740FC0821B1853500CD1964 /* SkillVC.swift */,
			);
			path = Controller;
			sourceTree = "<group>";
		};
		4740FC0521B1838E00CD1964 /* Model */ = {
			isa = PBXGroup;
			children = (
				4740FC0A21B1A86C00CD1964 /* Player.swift */,
			);
			path = Model;
			sourceTree = "<group>";
		};
		479A052121AF06DD0078EECE = {
			isa = PBXGroup;
			children = (
				479A052C21AF06DD0078EECE /* app-swoosh */,
				479A052B21AF06DD0078EECE /* Products */,
			);
			sourceTree = "<group>";
		};
		479A052B21AF06DD0078EECE /* Products */ = {
			isa = PBXGroup;
			children = (
				479A052A21AF06DD0078EECE /* app-swoosh.app */,
			);
			name = Products;
			sourceTree = "<group>";
		};
		479A052C21AF06DD0078EECE /* app-swoosh */ = {
			isa = PBXGroup;
			children = (
				4740FC0521B1838E00CD1964 /* Model */,
				4740FC0421B1836600CD1964 /* Controller */,
				479A055D21AF0DE70078EECE /* Views */,
				479A052D21AF06DD0078EECE /* AppDelegate.swift */,
				479A053121AF06DD0078EECE /* Main.storyboard */,
				479A053421AF06DE0078EECE /* Assets.xcassets */,
				479A053621AF06DE0078EECE /* LaunchScreen.storyboard */,
				479A053921AF06DE0078EECE /* Info.plist */,
			);
			path = "app-swoosh";
			sourceTree = "<group>";
		};
		479A055D21AF0DE70078EECE /* Views */ = {
			isa = PBXGroup;
			children = (
				479A055E21AF0E7C0078EECE /* BorderButton.swift */,
			);
			path = Views;
			sourceTree = "<group>";
		};
/* End PBXGroup section */

/* Begin PBXNativeTarget section */
		479A052921AF06DD0078EECE /* app-swoosh */ = {
			isa = PBXNativeTarget;
			buildConfigurationList = 479A053C21AF06DE0078EECE /* Build configuration list for PBXNativeTarget "app-swoosh" */;
			buildPhases = (
				479A052621AF06DD0078EECE /* Sources */,
				479A052721AF06DD0078EECE /* Frameworks */,
				479A052821AF06DD0078EECE /* Resources */,
			);
			buildRules = (
			);
			dependencies = (
			);
			name = "app-swoosh";
			productName = "app-swoosh";
			productReference = 479A052A21AF06DD0078EECE /* app-swoosh.app */;
			productType = "com.apple.product-type.application";
		};
/* End PBXNativeTarget section */

/* Begin PBXProject section */
		479A052221AF06DD0078EECE /* Project object */ = {
			isa = PBXProject;
			attributes = {
				LastSwiftUpdateCheck = 1010;
				LastUpgradeCheck = 1010;
				ORGANIZATIONNAME = "tarek bahie";
				TargetAttributes = {
					479A052921AF06DD0078EECE = {
						CreatedOnToolsVersion = 10.1;
					};
				};
			};
			buildConfigurationList = 479A052521AF06DD0078EECE /* Build configuration list for PBXProject "app-swoosh" */;
			compatibilityVersion = "Xcode 9.3";
			developmentRegion = en;
			hasScannedForEncodings = 0;
			knownRegions = (
				en,
				Base,
			);
			mainGroup = 479A052121AF06DD0078EECE;
			productRefGroup = 479A052B21AF06DD0078EECE /* Products */;
			projectDirPath = "";
			projectRoot = "";
			targets = (
				479A052921AF06DD0078EECE /* app-swoosh */,
			);
		};
/* End PBXProject section */

/* Begin PBXResourcesBuildPhase section */
		479A052821AF06DD0078EECE /* Resources */ = {
			isa = PBXResourcesBuildPhase;
			buildActionMask = 2147483647;
			files = (
				479A053821AF06DE0078EECE /* LaunchScreen.storyboard in Resources */,
				479A053521AF06DE0078EECE /* Assets.xcassets in Resources */,
				479A053321AF06DD0078EECE /* Main.storyboard in Resources */,
			);
			runOnlyForDeploymentPostprocessing = 0;
		};
/* End PBXResourcesBuildPhase section */

/* Begin PBXSourcesBuildPhase section */
		479A052621AF06DD0078EECE /* Sources */ = {
			isa = PBXSourcesBuildPhase;
			buildActionMask = 2147483647;
			files = (
				479A053021AF06DD0078EECE /* WelcomeVC.swift in Sources */,
				4740FC0721B1851F00CD1964 /* LeagueVC.swift in Sources */,
				479A052E21AF06DD0078EECE /* AppDelegate.swift in Sources */,
				4740FC0921B1853500CD1964 /* SkillVC.swift in Sources */,
				4740FC0B21B1A86C00CD1964 /* Player.swift in Sources */,
				479A055F21AF0E7C0078EECE /* BorderButton.swift in Sources */,
			);
			runOnlyForDeploymentPostprocessing = 0;
		};
/* End PBXSourcesBuildPhase section */

/* Begin PBXVariantGroup section */
		479A053121AF06DD0078EECE /* Main.storyboard */ = {
			isa = PBXVariantGroup;
			children = (
				479A053221AF06DD0078EECE /* Base */,
			);
			name = Main.storyboard;
			sourceTree = "<group>";
		};
		479A053621AF06DE0078EECE /* LaunchScreen.storyboard */ = {
			isa = PBXVariantGroup;
			children = (
				479A053721AF06DE0078EECE /* Base */,
			);
			name = LaunchScreen.storyboard;
			sourceTree = "<group>";
		};
/* End PBXVariantGroup section */

/* Begin XCBuildConfiguration section */
		479A053A21AF06DE0078EECE /* Debug */ = {
			isa = XCBuildConfiguration;
			buildSettings = {
				ALWAYS_SEARCH_USER_PATHS = NO;
				CLANG_ANALYZER_NONNULL = YES;
				CLANG_ANALYZER_NUMBER_OBJECT_CONVERSION = YES_AGGRESSIVE;
				CLANG_CXX_LANGUAGE_STANDARD = "gnu++14";
				CLANG_CXX_LIBRARY = "libc++";
				CLANG_ENABLE_MODULES = YES;
				CLANG_ENABLE_OBJC_ARC = YES;
				CLANG_ENABLE_OBJC_WEAK = YES;
				CLANG_WARN_BLOCK_CAPTURE_AUTORELEASING = YES;
				CLANG_WARN_BOOL_CONVERSION = YES;
				CLANG_WARN_COMMA = YES;
				CLANG_WARN_CONSTANT_CONVERSION = YES;
				CLANG_WARN_DEPRECATED_OBJC_IMPLEMENTATIONS = YES;
				CLANG_WARN_DIRECT_OBJC_ISA_USAGE = YES_ERROR;
				CLANG_WARN_DOCUMENTATION_COMMENTS = YES;
				CLANG_WARN_EMPTY_BODY = YES;
				CLANG_WARN_ENUM_CONVERSION = YES;
				CLANG_WARN_INFINITE_RECURSION = YES;
				CLANG_WARN_INT_CONVERSION = YES;
				CLANG_WARN_NON_LITERAL_NULL_CONVERSION = YES;
				CLANG_WARN_OBJC_IMPLICIT_RETAIN_SELF = YES;
				CLANG_WARN_OBJC_LITERAL_CONVERSION = YES;
				CLANG_WARN_OBJC_ROOT_CLASS = YES_ERROR;
				CLANG_WARN_RANGE_LOOP_ANALYSIS = YES;
				CLANG_WARN_STRICT_PROTOTYPES = YES;
				CLANG_WARN_SUSPICIOUS_MOVE = YES;
				CLANG_WARN_UNGUARDED_AVAILABILITY = YES_AGGRESSIVE;
				CLANG_WARN_UNREACHABLE_CODE = YES;
				CLANG_WARN__DUPLICATE_METHOD_MATCH = YES;
				CODE_SIGN_IDENTITY = "iPhone Developer";
				COPY_PHASE_STRIP = NO;
				DEBUG_INFORMATION_FORMAT = dwarf;
				ENABLE_STRICT_OBJC_MSGSEND = YES;
				ENABLE_TESTABILITY = YES;
				GCC_C_LANGUAGE_STANDARD = gnu11;
				GCC_DYNAMIC_NO_PIC = NO;
				GCC_NO_COMMON_BLOCKS = YES;
				GCC_OPTIMIZATION_LEVEL = 0;
				GCC_PREPROCESSOR_DEFINITIONS = (
					"DEBUG=1",
					"$(inherited)",
				);
				GCC_WARN_64_TO_32_BIT_CONVERSION = YES;
				GCC_WARN_ABOUT_RETURN_TYPE = YES_ERROR;
				GCC_WARN_UNDECLARED_SELECTOR = YES;
				GCC_WARN_UNINITIALIZED_AUTOS = YES_AGGRESSIVE;
				GCC_WARN_UNUSED_FUNCTION = YES;
				GCC_WARN_UNUSED_VARIABLE = YES;
				IPHONEOS_DEPLOYMENT_TARGET = 12.1;
				MTL_ENABLE_DEBUG_INFO = INCLUDE_SOURCE;
				MTL_FAST_MATH = YES;
				ONLY_ACTIVE_ARCH = YES;
				SDKROOT = iphoneos;
				SWIFT_ACTIVE_COMPILATION_CONDITIONS = DEBUG;
				SWIFT_OPTIMIZATION_LEVEL = "-Onone";
			};
			name = Debug;
		};
		479A053B21AF06DE0078EECE /* Release */ = {
			isa = XCBuildConfiguration;
			buildSettings = {
				ALWAYS_SEARCH_USER_PATHS = NO;
				CLANG_ANALYZER_NONNULL = YES;
				CLANG_ANALYZER_NUMBER_OBJECT_CONVERSION = YES_AGGRESSIVE;
				CLANG_CXX_LANGUAGE_STANDARD = "gnu++14";
				CLANG_CXX_LIBRARY = "libc++";
				CLANG_ENABLE_MODULES = YES;
				CLANG_ENABLE_OBJC_ARC = YES;
				CLANG_ENABLE_OBJC_WEAK = YES;
				CLANG_WARN_BLOCK_CAPTURE_AUTORELEASING = YES;
				CLANG_WARN_BOOL_CONVERSION = YES;
				CLANG_WARN_COMMA = YES;
				CLANG_WARN_CONSTANT_CONVERSION = YES;
				CLANG_WARN_DEPRECATED_OBJC_IMPLEMENTATIONS = YES;
				CLANG_WARN_DIRECT_OBJC_ISA_USAGE = YES_ERROR;
				CLANG_WARN_DOCUMENTATION_COMMENTS = YES;
				CLANG_WARN_EMPTY_BODY = YES;
				CLANG_WARN_ENUM_CONVERSION = YES;
				CLANG_WARN_INFINITE_RECURSION = YES;
				CLANG_WARN_INT_CONVERSION = YES;
				CLANG_WARN_NON_LITERAL_NULL_CONVERSION = YES;
				CLANG_WARN_OBJC_IMPLICIT_RETAIN_SELF = YES;
				CLANG_WARN_OBJC_LITERAL_CONVERSION = YES;
				CLANG_WARN_OBJC_ROOT_CLASS = YES_ERROR;
				CLANG_WARN_RANGE_LOOP_ANALYSIS = YES;
				CLANG_WARN_STRICT_PROTOTYPES = YES;
				CLANG_WARN_SUSPICIOUS_MOVE = YES;
				CLANG_WARN_UNGUARDED_AVAILABILITY = YES_AGGRESSIVE;
				CLANG_WARN_UNREACHABLE_CODE = YES;
				CLANG_WARN__DUPLICATE_METHOD_MATCH = YES;
				CODE_SIGN_IDENTITY = "iPhone Developer";
				COPY_PHASE_STRIP = NO;
				DEBUG_INFORMATION_FORMAT = "dwarf-with-dsym";
				ENABLE_NS_ASSERTIONS = NO;
				ENABLE_STRICT_OBJC_MSGSEND = YES;
				GCC_C_LANGUAGE_STANDARD = gnu11;
				GCC_NO_COMMON_BLOCKS = YES;
				GCC_WARN_64_TO_32_BIT_CONVERSION = YES;
				GCC_WARN_ABOUT_RETURN_TYPE = YES_ERROR;
				GCC_WARN_UNDECLARED_SELECTOR = YES;
				GCC_WARN_UNINITIALIZED_AUTOS = YES_AGGRESSIVE;
				GCC_WARN_UNUSED_FUNCTION = YES;
				GCC_WARN_UNUSED_VARIABLE = YES;
				IPHONEOS_DEPLOYMENT_TARGET = 12.1;
				MTL_ENABLE_DEBUG_INFO = NO;
				MTL_FAST_MATH = YES;
				SDKROOT = iphoneos;
				SWIFT_COMPILATION_MODE = wholemodule;
				SWIFT_OPTIMIZATION_LEVEL = "-O";
				VALIDATE_PRODUCT = YES;
			};
			name = Release;
		};
		479A053D21AF06DE0078EECE /* Debug */ = {
			isa = XCBuildConfiguration;
			buildSettings = {
				ASSETCATALOG_COMPILER_APPICON_NAME = AppIcon;
				CODE_SIGN_STYLE = Automatic;
				INFOPLIST_FILE = "app-swoosh/Info.plist";
				LD_RUNPATH_SEARCH_PATHS = (
					"$(inherited)",
					"@executable_path/Frameworks",
				);
				PRODUCT_BUNDLE_IDENTIFIER = "com.bahie.app-swoosh";
				PRODUCT_NAME = "$(TARGET_NAME)";
				SWIFT_VERSION = 4.2;
				TARGETED_DEVICE_FAMILY = "1,2";
			};
			name = Debug;
		};
		479A053E21AF06DE0078EECE /* Release */ = {
			isa = XCBuildConfiguration;
			buildSettings = {
				ASSETCATALOG_COMPILER_APPICON_NAME = AppIcon;
				CODE_SIGN_STYLE = Automatic;
				INFOPLIST_FILE = "app-swoosh/Info.plist";
				LD_RUNPATH_SEARCH_PATHS = (
					"$(inherited)",
					"@executable_path/Frameworks",
				);
				PRODUCT_BUNDLE_IDENTIFIER = "com.bahie.app-swoosh";
				PRODUCT_NAME = "$(TARGET_NAME)";
				SWIFT_VERSION = 4.2;
				TARGETED_DEVICE_FAMILY = "1,2";
			};
			name = Release;
		};
/* End XCBuildConfiguration section */

/* Begin XCConfigurationList section */
		479A052521AF06DD0078EECE /* Build configuration list for PBXProject "app-swoosh" */ = {
			isa = XCConfigurationList;
			buildConfigurations = (
				479A053A21AF06DE0078EECE /* Debug */,
				479A053B21AF06DE0078EECE /* Release */,
			);
			defaultConfigurationIsVisible = 0;
			defaultConfigurationName = Release;
		};
		479A053C21AF06DE0078EECE /* Build configuration list for PBXNativeTarget "app-swoosh" */ = {
			isa = XCConfigurationList;
			buildConfigurations = (
				479A053D21AF06DE0078EECE /* Debug */,
				479A053E21AF06DE0078EECE /* Release */,
			);
			defaultConfigurationIsVisible = 0;
			defaultConfigurationName = Release;
		};
/* End XCConfigurationList section */
	};
	rootObject = 479A052221AF06DD0078EECE /* Project object */;
}
